// !$*UTF8*$!
{
	archiveVersion = 1;
	classes = {
	};
	objectVersion = 46;
	objects = {

/* Begin PBXBuildFile section */
		42847B461EE5804F00637234 /* AppDelegate.swift in Sources */ = {isa = PBXBuildFile; fileRef = 42847B451EE5804F00637234 /* AppDelegate.swift */; };
		42847B481EE5804F00637234 /* ViewController.swift in Sources */ = {isa = PBXBuildFile; fileRef = 42847B471EE5804F00637234 /* ViewController.swift */; };
		42847B4B1EE5804F00637234 /* Main.storyboard in Resources */ = {isa = PBXBuildFile; fileRef = 42847B491EE5804F00637234 /* Main.storyboard */; };
		42847B4D1EE5804F00637234 /* Assets.xcassets in Resources */ = {isa = PBXBuildFile; fileRef = 42847B4C1EE5804F00637234 /* Assets.xcassets */; };
		42847B501EE5804F00637234 /* LaunchScreen.storyboard in Resources */ = {isa = PBXBuildFile; fileRef = 42847B4E1EE5804F00637234 /* LaunchScreen.storyboard */; };
		42847B5B1EE5804F00637234 /* BullseyeTests.swift in Sources */ = {isa = PBXBuildFile; fileRef = 42847B5A1EE5804F00637234 /* BullseyeTests.swift */; };
		42847B661EE5804F00637234 /* BullseyeUITests.swift in Sources */ = {isa = PBXBuildFile; fileRef = 42847B651EE5804F00637234 /* BullseyeUITests.swift */; };
/* End PBXBuildFile section */

/* Begin PBXContainerItemProxy section */
		42847B571EE5804F00637234 /* PBXContainerItemProxy */ = {
			isa = PBXContainerItemProxy;
			containerPortal = 42847B3A1EE5804F00637234 /* Project object */;
			proxyType = 1;
			remoteGlobalIDString = 42847B411EE5804F00637234;
			remoteInfo = Bullseye;
		};
		42847B621EE5804F00637234 /* PBXContainerItemProxy */ = {
			isa = PBXContainerItemProxy;
			containerPortal = 42847B3A1EE5804F00637234 /* Project object */;
			proxyType = 1;
			remoteGlobalIDString = 42847B411EE5804F00637234;
			remoteInfo = Bullseye;
		};
/* End PBXContainerItemProxy section */

/* Begin PBXFileReference section */
		42847B421EE5804F00637234 /* Bullseye.app */ = {isa = PBXFileReference; explicitFileType = wrapper.application; includeInIndex = 0; path = Bullseye.app; sourceTree = BUILT_PRODUCTS_DIR; };
		42847B451EE5804F00637234 /* AppDelegate.swift */ = {isa = PBXFileReference; lastKnownFileType = sourcecode.swift; path = AppDelegate.swift; sourceTree = "<group>"; };
		42847B471EE5804F00637234 /* ViewController.swift */ = {isa = PBXFileReference; lastKnownFileType = sourcecode.swift; path = ViewController.swift; sourceTree = "<group>"; };
		42847B4A1EE5804F00637234 /* Base */ = {isa = PBXFileReference; lastKnownFileType = file.storyboard; name = Base; path = Base.lproj/Main.storyboard; sourceTree = "<group>"; };
		42847B4C1EE5804F00637234 /* Assets.xcassets */ = {isa = PBXFileReference; lastKnownFileType = folder.assetcatalog; path = Assets.xcassets; sourceTree = "<group>"; };
		42847B4F1EE5804F00637234 /* Base */ = {isa = PBXFileReference; lastKnownFileType = file.storyboard; name = Base; path = Base.lproj/LaunchScreen.storyboard; sourceTree = "<group>"; };
		42847B511EE5804F00637234 /* Info.plist */ = {isa = PBXFileReference; lastKnownFileType = text.plist.xml; path = Info.plist; sourceTree = "<group>"; };
		42847B561EE5804F00637234 /* BullseyeTests.xctest */ = {isa = PBXFileReference; explicitFileType = wrapper.cfbundle; includeInIndex = 0; path = BullseyeTests.xctest; sourceTree = BUILT_PRODUCTS_DIR; };
		42847B5A1EE5804F00637234 /* BullseyeTests.swift */ = {isa = PBXFileReference; lastKnownFileType = sourcecode.swift; path = BullseyeTests.swift; sourceTree = "<group>"; };
		42847B5C1EE5804F00637234 /* Info.plist */ = {isa = PBXFileReference; lastKnownFileType = text.plist.xml; path = Info.plist; sourceTree = "<group>"; };
		42847B611EE5804F00637234 /* BullseyeUITests.xctest */ = {isa = PBXFileReference; explicitFileType = wrapper.cfbundle; includeInIndex = 0; path = BullseyeUITests.xctest; sourceTree = BUILT_PRODUCTS_DIR; };
		42847B651EE5804F00637234 /* BullseyeUITests.swift */ = {isa = PBXFileReference; lastKnownFileType = sourcecode.swift; path = BullseyeUITests.swift; sourceTree = "<group>"; };
		42847B671EE5804F00637234 /* Info.plist */ = {isa = PBXFileReference; lastKnownFileType = text.plist.xml; path = Info.plist; sourceTree = "<group>"; };
/* End PBXFileReference section */

/* Begin PBXFrameworksBuildPhase section */
		42847B3F1EE5804F00637234 /* Frameworks */ = {
			isa = PBXFrameworksBuildPhase;
			buildActionMask = 2147483647;
			files = (
			);
			runOnlyForDeploymentPostprocessing = 0;
		};
		42847B531EE5804F00637234 /* Frameworks */ = {
			isa = PBXFrameworksBuildPhase;
			buildActionMask = 2147483647;
			files = (
			);
			runOnlyForDeploymentPostprocessing = 0;
		};
		42847B5E1EE5804F00637234 /* Frameworks */ = {
			isa = PBXFrameworksBuildPhase;
			buildActionMask = 2147483647;
			files = (
			);
			runOnlyForDeploymentPostprocessing = 0;
		};
/* End PBXFrameworksBuildPhase section */

/* Begin PBXGroup section */
		42847B391EE5804F00637234 = {
			isa = PBXGroup;
			children = (
				42847B441EE5804F00637234 /* Bullseye */,
				42847B591EE5804F00637234 /* BullseyeTests */,
				42847B641EE5804F00637234 /* BullseyeUITests */,
				42847B431EE5804F00637234 /* Products */,
			);
			sourceTree = "<group>";
		};
		42847B431EE5804F00637234 /* Products */ = {
			isa = PBXGroup;
			children = (
				42847B421EE5804F00637234 /* Bullseye.app */,
				42847B561EE5804F00637234 /* BullseyeTests.xctest */,
				42847B611EE5804F00637234 /* BullseyeUITests.xctest */,
			);
			name = Products;
			sourceTree = "<group>";
		};
		42847B441EE5804F00637234 /* Bullseye */ = {
			isa = PBXGroup;
			children = (
				42847B451EE5804F00637234 /* AppDelegate.swift */,
				42847B471EE5804F00637234 /* ViewController.swift */,
				42847B491EE5804F00637234 /* Main.storyboard */,
				42847B4C1EE5804F00637234 /* Assets.xcassets */,
				42847B4E1EE5804F00637234 /* LaunchScreen.storyboard */,
				42847B511EE5804F00637234 /* Info.plist */,
			);
			path = Bullseye;
			sourceTree = "<group>";
		};
		42847B591EE5804F00637234 /* BullseyeTests */ = {
			isa = PBXGroup;
			children = (
				42847B5A1EE5804F00637234 /* BullseyeTests.swift */,
				42847B5C1EE5804F00637234 /* Info.plist */,
			);
			path = BullseyeTests;
			sourceTree = "<group>";
		};
		42847B641EE5804F00637234 /* BullseyeUITests */ = {
			isa = PBXGroup;
			children = (
				42847B651EE5804F00637234 /* BullseyeUITests.swift */,
				42847B671EE5804F00637234 /* Info.plist */,
			);
			path = BullseyeUITests;
			sourceTree = "<group>";
		};
/* End PBXGroup section */

/* Begin PBXNativeTarget section */
		42847B411EE5804F00637234 /* Bullseye */ = {
			isa = PBXNativeTarget;
			buildConfigurationList = 42847B6A1EE5804F00637234 /* Build configuration list for PBXNativeTarget "Bullseye" */;
			buildPhases = (
				42847B3E1EE5804F00637234 /* Sources */,
				42847B3F1EE5804F00637234 /* Frameworks */,
				42847B401EE5804F00637234 /* Resources */,
			);
			buildRules = (
			);
			dependencies = (
			);
			name = Bullseye;
			productName = Bullseye;
			productReference = 42847B421EE5804F00637234 /* Bullseye.app */;
			productType = "com.apple.product-type.application";
		};
		42847B551EE5804F00637234 /* BullseyeTests */ = {
			isa = PBXNativeTarget;
			buildConfigurationList = 42847B6D1EE5804F00637234 /* Build configuration list for PBXNativeTarget "BullseyeTests" */;
			buildPhases = (
				42847B521EE5804F00637234 /* Sources */,
				42847B531EE5804F00637234 /* Frameworks */,
				42847B541EE5804F00637234 /* Resources */,
			);
			buildRules = (
			);
			dependencies = (
				42847B581EE5804F00637234 /* PBXTargetDependency */,
			);
			name = BullseyeTests;
			productName = BullseyeTests;
			productReference = 42847B561EE5804F00637234 /* BullseyeTests.xctest */;
			productType = "com.apple.product-type.bundle.unit-test";
		};
		42847B601EE5804F00637234 /* BullseyeUITests */ = {
			isa = PBXNativeTarget;
			buildConfigurationList = 42847B701EE5804F00637234 /* Build configuration list for PBXNativeTarget "BullseyeUITests" */;
			buildPhases = (
				42847B5D1EE5804F00637234 /* Sources */,
				42847B5E1EE5804F00637234 /* Frameworks */,
				42847B5F1EE5804F00637234 /* Resources */,
			);
			buildRules = (
			);
			dependencies = (
				42847B631EE5804F00637234 /* PBXTargetDependency */,
			);
			name = BullseyeUITests;
			productName = BullseyeUITests;
			productReference = 42847B611EE5804F00637234 /* BullseyeUITests.xctest */;
			productType = "com.apple.product-type.bundle.ui-testing";
		};
/* End PBXNativeTarget section */

/* Begin PBXProject section */
		42847B3A1EE5804F00637234 /* Project object */ = {
			isa = PBXProject;
			attributes = {
				LastSwiftUpdateCheck = 0830;
				LastUpgradeCheck = 0830;
				ORGANIZATIONNAME = "Mate Lang";
				TargetAttributes = {
					42847B411EE5804F00637234 = {
						CreatedOnToolsVersion = 8.3.2;
						ProvisioningStyle = Automatic;
					};
					42847B551EE5804F00637234 = {
						CreatedOnToolsVersion = 8.3.2;
						ProvisioningStyle = Automatic;
						TestTargetID = 42847B411EE5804F00637234;
					};
					42847B601EE5804F00637234 = {
						CreatedOnToolsVersion = 8.3.2;
						ProvisioningStyle = Automatic;
						TestTargetID = 42847B411EE5804F00637234;
					};
				};
			};
			buildConfigurationList = 42847B3D1EE5804F00637234 /* Build configuration list for PBXProject "Bullseye" */;
			compatibilityVersion = "Xcode 3.2";
			developmentRegion = English;
			hasScannedForEncodings = 0;
			knownRegions = (
				en,
				Base,
			);
			mainGroup = 42847B391EE5804F00637234;
			productRefGroup = 42847B431EE5804F00637234 /* Products */;
			projectDirPath = "";
			projectRoot = "";
			targets = (
				42847B411EE5804F00637234 /* Bullseye */,
				42847B551EE5804F00637234 /* BullseyeTests */,
				42847B601EE5804F00637234 /* BullseyeUITests */,
			);
		};
/* End PBXProject section */

/* Begin PBXResourcesBuildPhase section */
		42847B401EE5804F00637234 /* Resources */ = {
			isa = PBXResourcesBuildPhase;
			buildActionMask = 2147483647;
			files = (
				42847B501EE5804F00637234 /* LaunchScreen.storyboard in Resources */,
				42847B4D1EE5804F00637234 /* Assets.xcassets in Resources */,
				42847B4B1EE5804F00637234 /* Main.storyboard in Resources */,
			);
			runOnlyForDeploymentPostprocessing = 0;
		};
		42847B541EE5804F00637234 /* Resources */ = {
			isa = PBXResourcesBuildPhase;
			buildActionMask = 2147483647;
			files = (
			);
			runOnlyForDeploymentPostprocessing = 0;
		};
		42847B5F1EE5804F00637234 /* Resources */ = {
			isa = PBXResourcesBuildPhase;
			buildActionMask = 2147483647;
			files = (
			);
			runOnlyForDeploymentPostprocessing = 0;
		};
/* End PBXResourcesBuildPhase section */

/* Begin PBXSourcesBuildPhase section */
		42847B3E1EE5804F00637234 /* Sources */ = {
			isa = PBXSourcesBuildPhase;
			buildActionMask = 2147483647;
			files = (
				42847B481EE5804F00637234 /* ViewController.swift in Sources */,
				42847B461EE5804F00637234 /* AppDelegate.swift in Sources */,
			);
			runOnlyForDeploymentPostprocessing = 0;
		};
		42847B521EE5804F00637234 /* Sources */ = {
			isa = PBXSourcesBuildPhase;
			buildActionMask = 2147483647;
			files = (
				42847B5B1EE5804F00637234 /* BullseyeTests.swift in Sources */,
			);
			runOnlyForDeploymentPostprocessing = 0;
		};
		42847B5D1EE5804F00637234 /* Sources */ = {
			isa = PBXSourcesBuildPhase;
			buildActionMask = 2147483647;
			files = (
				42847B661EE5804F00637234 /* BullseyeUITests.swift in Sources */,
			);
			runOnlyForDeploymentPostprocessing = 0;
		};
/* End PBXSourcesBuildPhase section */

/* Begin PBXTargetDependency section */
		42847B581EE5804F00637234 /* PBXTargetDependency */ = {
			isa = PBXTargetDependency;
			target = 42847B411EE5804F00637234 /* Bullseye */;
			targetProxy = 42847B571EE5804F00637234 /* PBXContainerItemProxy */;
		};
		42847B631EE5804F00637234 /* PBXTargetDependency */ = {
			isa = PBXTargetDependency;
			target = 42847B411EE5804F00637234 /* Bullseye */;
			targetProxy = 42847B621EE5804F00637234 /* PBXContainerItemProxy */;
		};
/* End PBXTargetDependency section */

/* Begin PBXVariantGroup section */
		42847B491EE5804F00637234 /* Main.storyboard */ = {
			isa = PBXVariantGroup;
			children = (
				42847B4A1EE5804F00637234 /* Base */,
			);
			name = Main.storyboard;
			sourceTree = "<group>";
		};
		42847B4E1EE5804F00637234 /* LaunchScreen.storyboard */ = {
			isa = PBXVariantGroup;
			children = (
				42847B4F1EE5804F00637234 /* Base */,
			);
			name = LaunchScreen.storyboard;
			sourceTree = "<group>";
		};
/* End PBXVariantGroup section */

/* Begin XCBuildConfiguration section */
		42847B681EE5804F00637234 /* Debug */ = {
			isa = XCBuildConfiguration;
			buildSettings = {
				ALWAYS_SEARCH_USER_PATHS = NO;
				CLANG_ANALYZER_NONNULL = YES;
				CLANG_ANALYZER_NUMBER_OBJECT_CONVERSION = YES_AGGRESSIVE;
				CLANG_CXX_LANGUAGE_STANDARD = "gnu++0x";
				CLANG_CXX_LIBRARY = "libc++";
				CLANG_ENABLE_MODULES = YES;
				CLANG_ENABLE_OBJC_ARC = YES;
				CLANG_WARN_BOOL_CONVERSION = YES;
				CLANG_WARN_CONSTANT_CONVERSION = YES;
				CLANG_WARN_DIRECT_OBJC_ISA_USAGE = YES_ERROR;
				CLANG_WARN_DOCUMENTATION_COMMENTS = YES;
				CLANG_WARN_EMPTY_BODY = YES;
				CLANG_WARN_ENUM_CONVERSION = YES;
				CLANG_WARN_INFINITE_RECURSION = YES;
				CLANG_WARN_INT_CONVERSION = YES;
				CLANG_WARN_OBJC_ROOT_CLASS = YES_ERROR;
				CLANG_WARN_SUSPICIOUS_MOVE = YES;
				CLANG_WARN_UNREACHABLE_CODE = YES;
				CLANG_WARN__DUPLICATE_METHOD_MATCH = YES;
				"CODE_SIGN_IDENTITY[sdk=iphoneos*]" = "iPhone Developer";
				COPY_PHASE_STRIP = NO;
				DEBUG_INFORMATION_FORMAT = dwarf;
				ENABLE_STRICT_OBJC_MSGSEND = YES;
				ENABLE_TESTABILITY = YES;
				GCC_C_LANGUAGE_STANDARD = gnu99;
				GCC_DYNAMIC_NO_PIC = NO;
				GCC_NO_COMMON_BLOCKS = YES;
				GCC_OPTIMIZATION_LEVEL = 0;
				GCC_PREPROCESSOR_DEFINITIONS = (
					"DEBUG=1",
					"$(inherited)",
				);
				GCC_WARN_64_TO_32_BIT_CONVERSION = YES;
				GCC_WARN_ABOUT_RETURN_TYPE = YES_ERROR;
				GCC_WARN_UNDECLARED_SELECTOR = YES;
				GCC_WARN_UNINITIALIZED_AUTOS = YES_AGGRESSIVE;
				GCC_WARN_UNUSED_FUNCTION = YES;
				GCC_WARN_UNUSED_VARIABLE = YES;
				IPHONEOS_DEPLOYMENT_TARGET = 10.3;
				MTL_ENABLE_DEBUG_INFO = YES;
				ONLY_ACTIVE_ARCH = YES;
				SDKROOT = iphoneos;
				SWIFT_ACTIVE_COMPILATION_CONDITIONS = DEBUG;
				SWIFT_OPTIMIZATION_LEVEL = "-Onone";
				TARGETED_DEVICE_FAMILY = "1,2";
			};
			name = Debug;
		};
		42847B691EE5804F00637234 /* Release */ = {
			isa = XCBuildConfiguration;
			buildSettings = {
				ALWAYS_SEARCH_USER_PATHS = NO;
				CLANG_ANALYZER_NONNULL = YES;
				CLANG_ANALYZER_NUMBER_OBJECT_CONVERSION = YES_AGGRESSIVE;
				CLANG_CXX_LANGUAGE_STANDARD = "gnu++0x";
				CLANG_CXX_LIBRARY = "libc++";
				CLANG_ENABLE_MODULES = YES;
				CLANG_ENABLE_OBJC_ARC = YES;
				CLANG_WARN_BOOL_CONVERSION = YES;
				CLANG_WARN_CONSTANT_CONVERSION = YES;
				CLANG_WARN_DIRECT_OBJC_ISA_USAGE = YES_ERROR;
				CLANG_WARN_DOCUMENTATION_COMMENTS = YES;
				CLANG_WARN_EMPTY_BODY = YES;
				CLANG_WARN_ENUM_CONVERSION = YES;
				CLANG_WARN_INFINITE_RECURSION = YES;
				CLANG_WARN_INT_CONVERSION = YES;
				CLANG_WARN_OBJC_ROOT_CLASS = YES_ERROR;
				CLANG_WARN_SUSPICIOUS_MOVE = YES;
				CLANG_WARN_UNREACHABLE_CODE = YES;
				CLANG_WARN__DUPLICATE_METHOD_MATCH = YES;
				"CODE_SIGN_IDENTITY[sdk=iphoneos*]" = "iPhone Developer";
				COPY_PHASE_STRIP = NO;
				DEBUG_INFORMATION_FORMAT = "dwarf-with-dsym";
				ENABLE_NS_ASSERTIONS = NO;
				ENABLE_STRICT_OBJC_MSGSEND = YES;
				GCC_C_LANGUAGE_STANDARD = gnu99;
				GCC_NO_COMMON_BLOCKS = YES;
				GCC_WARN_64_TO_32_BIT_CONVERSION = YES;
				GCC_WARN_ABOUT_RETURN_TYPE = YES_ERROR;
				GCC_WARN_UNDECLARED_SELECTOR = YES;
				GCC_WARN_UNINITIALIZED_AUTOS = YES_AGGRESSIVE;
				GCC_WARN_UNUSED_FUNCTION = YES;
				GCC_WARN_UNUSED_VARIABLE = YES;
				IPHONEOS_DEPLOYMENT_TARGET = 10.3;
				MTL_ENABLE_DEBUG_INFO = NO;
				SDKROOT = iphoneos;
				SWIFT_OPTIMIZATION_LEVEL = "-Owholemodule";
				TARGETED_DEVICE_FAMILY = "1,2";
				VALIDATE_PRODUCT = YES;
			};
			name = Release;
		};
		42847B6B1EE5804F00637234 /* Debug */ = {
			isa = XCBuildConfiguration;
			buildSettings = {
				ASSETCATALOG_COMPILER_APPICON_NAME = AppIcon;
				INFOPLIST_FILE = Bullseye/Info.plist;
				LD_RUNPATH_SEARCH_PATHS = "$(inherited) @executable_path/Frameworks";
				PRODUCT_BUNDLE_IDENTIFIER = com.matelang.Bullseye;
				PRODUCT_NAME = "$(TARGET_NAME)";
				SWIFT_VERSION = 3.0;
			};
			name = Debug;
		};
		42847B6C1EE5804F00637234 /* Release */ = {
			isa = XCBuildConfiguration;
			buildSettings = {
				ASSETCATALOG_COMPILER_APPICON_NAME = AppIcon;
				INFOPLIST_FILE = Bullseye/Info.plist;
				LD_RUNPATH_SEARCH_PATHS = "$(inherited) @executable_path/Frameworks";
				PRODUCT_BUNDLE_IDENTIFIER = com.matelang.Bullseye;
				PRODUCT_NAME = "$(TARGET_NAME)";
				SWIFT_VERSION = 3.0;
			};
			name = Release;
		};
		42847B6E1EE5804F00637234 /* Debug */ = {
			isa = XCBuildConfiguration;
			buildSettings = {
				ALWAYS_EMBED_SWIFT_STANDARD_LIBRARIES = YES;
				BUNDLE_LOADER = "$(TEST_HOST)";
				INFOPLIST_FILE = BullseyeTests/Info.plist;
				LD_RUNPATH_SEARCH_PATHS = "$(inherited) @executable_path/Frameworks @loader_path/Frameworks";
				PRODUCT_BUNDLE_IDENTIFIER = com.matelang.BullseyeTests;
				PRODUCT_NAME = "$(TARGET_NAME)";
				SWIFT_VERSION = 3.0;
				TEST_HOST = "$(BUILT_PRODUCTS_DIR)/Bullseye.app/Bullseye";
			};
			name = Debug;
		};
		42847B6F1EE5804F00637234 /* Release */ = {
			isa = XCBuildConfiguration;
			buildSettings = {
				ALWAYS_EMBED_SWIFT_STANDARD_LIBRARIES = YES;
				BUNDLE_LOADER = "$(TEST_HOST)";
				INFOPLIST_FILE = BullseyeTests/Info.plist;
				LD_RUNPATH_SEARCH_PATHS = "$(inherited) @executable_path/Frameworks @loader_path/Frameworks";
				PRODUCT_BUNDLE_IDENTIFIER = com.matelang.BullseyeTests;
				PRODUCT_NAME = "$(TARGET_NAME)";
				SWIFT_VERSION = 3.0;
				TEST_HOST = "$(BUILT_PRODUCTS_DIR)/Bullseye.app/Bullseye";
			};
			name = Release;
		};
		42847B711EE5804F00637234 /* Debug */ = {
			isa = XCBuildConfiguration;
			buildSettings = {
				ALWAYS_EMBED_SWIFT_STANDARD_LIBRARIES = YES;
				INFOPLIST_FILE = BullseyeUITests/Info.plist;
				LD_RUNPATH_SEARCH_PATHS = "$(inherited) @executable_path/Frameworks @loader_path/Frameworks";
				PRODUCT_BUNDLE_IDENTIFIER = com.matelang.BullseyeUITests;
				PRODUCT_NAME = "$(TARGET_NAME)";
				SWIFT_VERSION = 3.0;
				TEST_TARGET_NAME = Bullseye;
			};
			name = Debug;
		};
		42847B721EE5804F00637234 /* Release */ = {
			isa = XCBuildConfiguration;
			buildSettings = {
				ALWAYS_EMBED_SWIFT_STANDARD_LIBRARIES = YES;
				INFOPLIST_FILE = BullseyeUITests/Info.plist;
				LD_RUNPATH_SEARCH_PATHS = "$(inherited) @executable_path/Frameworks @loader_path/Frameworks";
				PRODUCT_BUNDLE_IDENTIFIER = com.matelang.BullseyeUITests;
				PRODUCT_NAME = "$(TARGET_NAME)";
				SWIFT_VERSION = 3.0;
				TEST_TARGET_NAME = Bullseye;
			};
			name = Release;
		};
/* End XCBuildConfiguration section */

/* Begin XCConfigurationList section */
		42847B3D1EE5804F00637234 /* Build configuration list for PBXProject "Bullseye" */ = {
			isa = XCConfigurationList;
			buildConfigurations = (
				42847B681EE5804F00637234 /* Debug */,
				42847B691EE5804F00637234 /* Release */,
			);
			defaultConfigurationIsVisible = 0;
			defaultConfigurationName = Release;
		};
		42847B6A1EE5804F00637234 /* Build configuration list for PBXNativeTarget "Bullseye" */ = {
			isa = XCConfigurationList;
			buildConfigurations = (
				42847B6B1EE5804F00637234 /* Debug */,
				42847B6C1EE5804F00637234 /* Release */,
			);
			defaultConfigurationIsVisible = 0;
		};
		42847B6D1EE5804F00637234 /* Build configuration list for PBXNativeTarget "BullseyeTests" */ = {
			isa = XCConfigurationList;
			buildConfigurations = (
				42847B6E1EE5804F00637234 /* Debug */,
				42847B6F1EE5804F00637234 /* Release */,
			);
			defaultConfigurationIsVisible = 0;
		};
		42847B701EE5804F00637234 /* Build configuration list for PBXNativeTarget "BullseyeUITests" */ = {
			isa = XCConfigurationList;
			buildConfigurations = (
				42847B711EE5804F00637234 /* Debug */,
				42847B721EE5804F00637234 /* Release */,
			);
			defaultConfigurationIsVisible = 0;
		};
/* End XCConfigurationList section */
	};
	rootObject = 42847B3A1EE5804F00637234 /* Project object */;
}
